Acquiring state lock. This may take a few moments...

Terraform used the selected providers to generate the following execution
plan. Resource actions are indicated with the following symbols:
  [32m+[0m create[0m

Terraform will perform the following actions:

[1m  # aws_key_pair.key_rsschool[0m will be created
[0m  [32m+[0m[0m resource "aws_key_pair" "key_rsschool" {
      [32m+[0m[0m arn             = (known after apply)
      [32m+[0m[0m fingerprint     = (known after apply)
      [32m+[0m[0m id              = (known after apply)
      [32m+[0m[0m key_name        = "key-rsschool"
      [32m+[0m[0m key_name_prefix = (known after apply)
      [32m+[0m[0m key_pair_id     = (known after apply)
      [32m+[0m[0m key_type        = (known after apply)
      [32m+[0m[0m public_key      = "ssh-rsa AAAAB3NzaC1yc2EAAAADAQABAAABgQC9ccKwrChSy8oSk1ZuwmRs/mLcqcj+C7NGrJsjKnKt4r8L/v3h6Ladz3FG8tTbKjBkcRk9wN10e3tzrz15YjELzLR/zYhJi32MqWExbil01TDuoSWPKKL+WzRNsXuMpRCCKYub/8hyeRWb7CufT06/XDfGj2dCV7y7hTZDBZ0ZLrUQWVIpvLeHqHypb7S09owksvahh/DSXLx6a1vq/zxddpW/T6bNBc99+Ldb2HsYseCuvYqGH+E3WyZqx6eGMZ0vFcFDHVgG2ZULgP6zy1PySs4OfRK1IBtdQUUMyycL6urOnG+rrqjnH3CxvwKelH41/DuQ05nbAya8gD4EG7mpR+Tm/60pC2XPTrjylGJxsKcJv8+TxJKCVDGnXgQqSk+6S2OAu1Dm9s1QncyKK++Yq32mnyPmrngqYkRGeRLXA0jpVZkfUDxConU2wBN6slwDBNwjkxD/gqF0CNDhDsbIjUfjT+lbr5SWqhO+g8rjUv2Ru76IDIHg0P8U5Zbd5H0= zangarzaynesh@fedora"
      [32m+[0m[0m tags_all        = (known after apply)
    }

[1mPlan:[0m 1 to add, 0 to change, 0 to destroy.
[0m[90m
─────────────────────────────────────────────────────────────────────────────[0m

Note: You didn't use the -out option to save this plan, so Terraform can't
guarantee to take exactly these actions if you run "terraform apply" now.
Releasing state lock. This may take a few moments...
